
Microsoft Visual Studio Solution File, Format Version 12.00
# Visual Studio Version 17
VisualStudioVersion = 17.13.35825.156 d17.13
MinimumVisualStudioVersion = 10.0.40219.1
Project("{FAE04EC0-301F-11D3-BF4B-00C04F79EFBC}") = "TravelUp", "TravelUp\TravelUp.csproj", "{E1C41125-A301-4B81-BE14-6F49E79BC08E}"
EndProject
Project("{FAE04EC0-301F-11D3-BF4B-00C04F79EFBC}") = "TravelUpApi", "TravelUpApi\TravelUpApi.csproj", "{F07BAF40-18D0-46D1-A98C-2E51C3561C11}"
EndProject
Global
	GlobalSection(SolutionConfigurationPlatforms) = preSolution
		Debug|Any CPU = Debug|Any CPU
		Release|Any CPU = Release|Any CPU
	EndGlobalSection
	GlobalSection(ProjectConfigurationPlatforms) = postSolution
		{E1C41125-A301-4B81-BE14-6F49E79BC08E}.Debug|Any CPU.ActiveCfg = Debug|Any CPU
		{E1C41125-A301-4B81-BE14-6F49E79BC08E}.Debug|Any CPU.Build.0 = Debug|Any CPU
		{E1C41125-A301-4B81-BE14-6F49E79BC08E}.Release|Any CPU.ActiveCfg = Release|Any CPU
		{E1C41125-A301-4B81-BE14-6F49E79BC08E}.Release|Any CPU.Build.0 = Release|Any CPU
		{F07BAF40-18D0-46D1-A98C-2E51C3561C11}.Debug|Any CPU.ActiveCfg = Debug|Any CPU
		{F07BAF40-18D0-46D1-A98C-2E51C3561C11}.Debug|Any CPU.Build.0 = Debug|Any CPU
		{F07BAF40-18D0-46D1-A98C-2E51C3561C11}.Release|Any CPU.ActiveCfg = Release|Any CPU
		{F07BAF40-18D0-46D1-A98C-2E51C3561C11}.Release|Any CPU.Build.0 = Release|Any CPU
	EndGlobalSection
	GlobalSection(SolutionProperties) = preSolution
		HideSolutionNode = FALSE
	EndGlobalSection
	GlobalSection(ExtensibilityGlobals) = postSolution
		SolutionGuid = {756CC895-EFB2-46BA-B7FF-5C6CAF99120B}
	EndGlobalSection
EndGlobal
